<Solution>
  <Folder Name="/src/">
    <Project Path="src/VenEl.MCPAssistant.Azure/VenEl.MCPAssistant.Azure.csproj" />
    <Project Path="src/VenEl.MCPAssistant.Core/VenEl.MCPAssistant.Core.csproj" />
    <Project Path="src/VenEl.MCPAssistant.LocalOffice/VenEl.MCPAssistant.LocalOffice.csproj" />
    <Project Path="src/VenEl.MCPAssistant.MSSql/VenEl.MCPAssistant.MSSql.csproj" />
    <Project Path="src/VenEl.MCPAssistant.Atlassian/VenEl.MCPAssistant.Atlassian.csproj" />
    <Project Path="src/VenEl.MCPAssistant.Databricks/VenEl.MCPAssistant.Databricks.csproj" />
    <Project Path="src/VenEl.MCPAssistant.Docker/VenEl.MCPAssistant.Docker.csproj" />
    <Project Path="src/VenEl.MCPAssistant.GitHub/VenEl.MCPAssistant.GitHub.csproj" />
    <Project Path="src/VenEl.MCPAssistant.Server/VenEl.MCPAssistant.Server.csproj" />
  </Folder>
  <Folder Name="/tests/">
    <Project Path="tests/VenEl.MCPAssistant.Azure.Tests/VenEl.MCPAssistant.Azure.Tests.csproj" />
  </Folder>
</Solution>
