<Solution>
  <Folder Name="/src/">
    <Project Path="src/VenEl.AssistantMCP.Azure/VenEl.AssistantMCP.Azure.csproj" />
    <Project Path="src/VenEl.AssistantMCP.Bitwarden/VenEl.AssistantMCP.Bitwarden.csproj" />
    <Project Path="src/VenEl.AssistantMCP.Core/VenEl.AssistantMCP.Core.csproj" />
    <Project Path="src/VenEl.AssistantMCP.LocalOffice/VenEl.AssistantMCP.LocalOffice.csproj" />
    <Project Path="src/VenEl.AssistantMCP.MicrosoftTeams/VenEl.AssistantMCP.MicrosoftTeams.csproj" />
    <Project Path="src/VenEl.AssistantMCP.MSSql/VenEl.AssistantMCP.MSSql.csproj" />
    <Project Path="src/VenEl.AssistantMCP.Atlassian/VenEl.AssistantMCP.Atlassian.csproj" />
    <Project Path="src/VenEl.AssistantMCP.Databricks/VenEl.AssistantMCP.Databricks.csproj" />
    <Project Path="src/VenEl.AssistantMCP.Docker/VenEl.AssistantMCP.Docker.csproj" />
    <Project Path="src/VenEl.AssistantMCP.GitHub/VenEl.AssistantMCP.GitHub.csproj" />
    <Project Path="src/VenEl.AssistantMCP.Kubernetes/VenEl.AssistantMCP.Kubernetes.csproj" />
    <Project Path="src/VenEl.AssistantMCP.Logging/VenEl.AssistantMCP.Logging.csproj" />
    <Project Path="src/VenEl.AssistantMCP.Slack/VenEl.AssistantMCP.Slack.csproj" />
    <Project Path="src/VenEl.AssistantMCP.GCP/VenEl.AssistantMCP.GCP.csproj" />
    <Project Path="src/VenEl.AssistantMCP.AWS/VenEl.AssistantMCP.AWS.csproj" />
    <Project Path="src/VenEl.AssistantMCP.Email/VenEl.AssistantMCP.Email.csproj" />
    <Project Path="src/VenEl.AssistantMCP.Server/VenEl.AssistantMCP.Server.csproj" />
  </Folder>
  <Folder Name="/tests/">
    <Project Path="tests/VenEl.AssistantMCP.Azure.Tests/VenEl.AssistantMCP.Azure.Tests.csproj" />
  </Folder>
</Solution>
